
Microsoft Visual Studio Solution File, Format Version 12.00
# Visual Studio Version 17
VisualStudioVersion = 17.8.34330.188
MinimumVisualStudioVersion = 10.0.40219.1
Project("{FAE04EC0-301F-11D3-BF4B-00C04F79EFBC}") = "Memory-InSchritten", "Memory-InSchritten.csproj", "{ABE9CFE1-25FB-494D-AACC-EBC7947CA39B}"
EndProject
Global
	GlobalSection(SolutionConfigurationPlatforms) = preSolution
		Debug|Any CPU = Debug|Any CPU
		Release|Any CPU = Release|Any CPU
	EndGlobalSection
	GlobalSection(ProjectConfigurationPlatforms) = postSolution
		{ABE9CFE1-25FB-494D-AACC-EBC7947CA39B}.Debug|Any CPU.ActiveCfg = Debug|Any CPU
		{ABE9CFE1-25FB-494D-AACC-EBC7947CA39B}.Debug|Any CPU.Build.0 = Debug|Any CPU
		{ABE9CFE1-25FB-494D-AACC-EBC7947CA39B}.Release|Any CPU.ActiveCfg = Release|Any CPU
		{ABE9CFE1-25FB-494D-AACC-EBC7947CA39B}.Release|Any CPU.Build.0 = Release|Any CPU
	EndGlobalSection
	GlobalSection(SolutionProperties) = preSolution
		HideSolutionNode = FALSE
	EndGlobalSection
	GlobalSection(ExtensibilityGlobals) = postSolution
		SolutionGuid = {FBDE097D-B4CE-4BFD-AF7A-892595B41403}
	EndGlobalSection
EndGlobal
